
Microsoft Visual Studio Solution File, Format Version 12.00
# Visual Studio Version 17
VisualStudioVersion = 17.6.33829.357
MinimumVisualStudioVersion = 10.0.40219.1
Project("{9A19103F-16F7-4668-BE54-9A1E7A4F7556}") = "PiadianStend", "PiadianStend.csproj", "{A27BE42A-0479-4F9F-8AC1-5E910CA0CCCA}"
EndProject
Global
	GlobalSection(SolutionConfigurationPlatforms) = preSolution
		Debug|Any CPU = Debug|Any CPU
		Release|Any CPU = Release|Any CPU
	EndGlobalSection
	GlobalSection(ProjectConfigurationPlatforms) = postSolution
		{A27BE42A-0479-4F9F-8AC1-5E910CA0CCCA}.Debug|Any CPU.ActiveCfg = Debug|Any CPU
		{A27BE42A-0479-4F9F-8AC1-5E910CA0CCCA}.Debug|Any CPU.Build.0 = Debug|Any CPU
		{A27BE42A-0479-4F9F-8AC1-5E910CA0CCCA}.Release|Any CPU.ActiveCfg = Release|Any CPU
		{A27BE42A-0479-4F9F-8AC1-5E910CA0CCCA}.Release|Any CPU.Build.0 = Release|Any CPU
	EndGlobalSection
	GlobalSection(SolutionProperties) = preSolution
		HideSolutionNode = FALSE
	EndGlobalSection
	GlobalSection(ExtensibilityGlobals) = postSolution
		SolutionGuid = {4C346492-E4CE-4FB8-8645-28C25AAA1048}
	EndGlobalSection
EndGlobal
